// !$*UTF8*$!
{
	archiveVersion = 1;
	classes = {
	};
	objectVersion = 56;
	objects = {

/* Begin PBXBuildFile section */
		054B767C2CECA8DC00ADFE6B /* AppDelegate.swift in Sources */ = {isa = PBXBuildFile; fileRef = 054B767B2CECA8DC00ADFE6B /* AppDelegate.swift */; };
		054B767E2CECA8DC00ADFE6B /* SceneDelegate.swift in Sources */ = {isa = PBXBuildFile; fileRef = 054B767D2CECA8DC00ADFE6B /* SceneDelegate.swift */; };
		054B76802CECA8DC00ADFE6B /* ViewController.swift in Sources */ = {isa = PBXBuildFile; fileRef = 054B767F2CECA8DC00ADFE6B /* ViewController.swift */; };
		054B76832CECA8DC00ADFE6B /* Base in Resources */ = {isa = PBXBuildFile; fileRef = 054B76822CECA8DC00ADFE6B /* Base */; };
		054B76852CECA8DD00ADFE6B /* Assets.xcassets in Resources */ = {isa = PBXBuildFile; fileRef = 054B76842CECA8DD00ADFE6B /* Assets.xcassets */; };
		054B76882CECA8DD00ADFE6B /* Base in Resources */ = {isa = PBXBuildFile; fileRef = 054B76872CECA8DD00ADFE6B /* Base */; };
		054B76962CECAA7C00ADFE6B /* InefficientRegexViewController.swift in Sources */ = {isa = PBXBuildFile; fileRef = 054B768F2CECAA7C00ADFE6B /* InefficientRegexViewController.swift */; };
		054B76972CECAA7C00ADFE6B /* InefficientRegexViewController.xib in Resources */ = {isa = PBXBuildFile; fileRef = 054B76902CECAA7C00ADFE6B /* InefficientRegexViewController.xib */; };
		054B76982CECAA7C00ADFE6B /* RegexInjectionViewController.swift in Sources */ = {isa = PBXBuildFile; fileRef = 054B76922CECAA7C00ADFE6B /* RegexInjectionViewController.swift */; };
		054B76992CECAA7C00ADFE6B /* RegexInjectionViewController.xib in Resources */ = {isa = PBXBuildFile; fileRef = 054B76932CECAA7C00ADFE6B /* RegexInjectionViewController.xib */; };
		057E005D2CEDFEFC002F2F12 /* UnsafeUIWebViewController.swift in Sources */ = {isa = PBXBuildFile; fileRef = 057E005B2CEDFEFC002F2F12 /* UnsafeUIWebViewController.swift */; };
		057E005E2CEDFEFC002F2F12 /* UnsafeUIWebViewController.xib in Resources */ = {isa = PBXBuildFile; fileRef = 057E005C2CEDFEFC002F2F12 /* UnsafeUIWebViewController.xib */; };
/* End PBXBuildFile section */

/* Begin PBXFileReference section */
		054B76782CECA8DC00ADFE6B /* TryCodeSecurity.app */ = {isa = PBXFileReference; explicitFileType = wrapper.application; includeInIndex = 0; path = TryCodeSecurity.app; sourceTree = BUILT_PRODUCTS_DIR; };
		054B767B2CECA8DC00ADFE6B /* AppDelegate.swift */ = {isa = PBXFileReference; lastKnownFileType = sourcecode.swift; path = AppDelegate.swift; sourceTree = "<group>"; };
		054B767D2CECA8DC00ADFE6B /* SceneDelegate.swift */ = {isa = PBXFileReference; lastKnownFileType = sourcecode.swift; path = SceneDelegate.swift; sourceTree = "<group>"; };
		054B767F2CECA8DC00ADFE6B /* ViewController.swift */ = {isa = PBXFileReference; lastKnownFileType = sourcecode.swift; path = ViewController.swift; sourceTree = "<group>"; };
		054B76822CECA8DC00ADFE6B /* Base */ = {isa = PBXFileReference; lastKnownFileType = file.storyboard; name = Base; path = Base.lproj/Main.storyboard; sourceTree = "<group>"; };
		054B76842CECA8DD00ADFE6B /* Assets.xcassets */ = {isa = PBXFileReference; lastKnownFileType = folder.assetcatalog; path = Assets.xcassets; sourceTree = "<group>"; };
		054B76872CECA8DD00ADFE6B /* Base */ = {isa = PBXFileReference; lastKnownFileType = file.storyboard; name = Base; path = Base.lproj/LaunchScreen.storyboard; sourceTree = "<group>"; };
		054B76892CECA8DD00ADFE6B /* Info.plist */ = {isa = PBXFileReference; lastKnownFileType = text.plist.xml; path = Info.plist; sourceTree = "<group>"; };
		054B768F2CECAA7C00ADFE6B /* InefficientRegexViewController.swift */ = {isa = PBXFileReference; fileEncoding = 4; lastKnownFileType = sourcecode.swift; path = InefficientRegexViewController.swift; sourceTree = "<group>"; };
		054B76902CECAA7C00ADFE6B /* InefficientRegexViewController.xib */ = {isa = PBXFileReference; fileEncoding = 4; lastKnownFileType = file.xib; path = InefficientRegexViewController.xib; sourceTree = "<group>"; };
		054B76922CECAA7C00ADFE6B /* RegexInjectionViewController.swift */ = {isa = PBXFileReference; fileEncoding = 4; lastKnownFileType = sourcecode.swift; path = RegexInjectionViewController.swift; sourceTree = "<group>"; };
		054B76932CECAA7C00ADFE6B /* RegexInjectionViewController.xib */ = {isa = PBXFileReference; fileEncoding = 4; lastKnownFileType = file.xib; path = RegexInjectionViewController.xib; sourceTree = "<group>"; };
		057E005B2CEDFEFC002F2F12 /* UnsafeUIWebViewController.swift */ = {isa = PBXFileReference; lastKnownFileType = sourcecode.swift; path = UnsafeUIWebViewController.swift; sourceTree = "<group>"; };
		057E005C2CEDFEFC002F2F12 /* UnsafeUIWebViewController.xib */ = {isa = PBXFileReference; lastKnownFileType = file.xib; path = UnsafeUIWebViewController.xib; sourceTree = "<group>"; };
/* End PBXFileReference section */

/* Begin PBXFrameworksBuildPhase section */
		054B76752CECA8DC00ADFE6B /* Frameworks */ = {
			isa = PBXFrameworksBuildPhase;
			buildActionMask = 2147483647;
			files = (
			);
			runOnlyForDeploymentPostprocessing = 0;
		};
/* End PBXFrameworksBuildPhase section */

/* Begin PBXGroup section */
		054B766F2CECA8DC00ADFE6B = {
			isa = PBXGroup;
			children = (
				054B767A2CECA8DC00ADFE6B /* TryCodeSecurity */,
				054B76792CECA8DC00ADFE6B /* Products */,
			);
			sourceTree = "<group>";
		};
		054B76792CECA8DC00ADFE6B /* Products */ = {
			isa = PBXGroup;
			children = (
				054B76782CECA8DC00ADFE6B /* TryCodeSecurity.app */,
			);
			name = Products;
			sourceTree = "<group>";
		};
		054B767A2CECA8DC00ADFE6B /* TryCodeSecurity */ = {
			isa = PBXGroup;
			children = (
				054B76952CECAA7C00ADFE6B /* Pages */,
				054B767B2CECA8DC00ADFE6B /* AppDelegate.swift */,
				054B767D2CECA8DC00ADFE6B /* SceneDelegate.swift */,
				054B767F2CECA8DC00ADFE6B /* ViewController.swift */,
				054B76812CECA8DC00ADFE6B /* Main.storyboard */,
				054B76842CECA8DD00ADFE6B /* Assets.xcassets */,
				054B76862CECA8DD00ADFE6B /* LaunchScreen.storyboard */,
				054B76892CECA8DD00ADFE6B /* Info.plist */,
			);
			path = TryCodeSecurity;
			sourceTree = "<group>";
		};
		054B76912CECAA7C00ADFE6B /* InefficientRegex */ = {
			isa = PBXGroup;
			children = (
				054B768F2CECAA7C00ADFE6B /* InefficientRegexViewController.swift */,
				054B76902CECAA7C00ADFE6B /* InefficientRegexViewController.xib */,
			);
			path = InefficientRegex;
			sourceTree = "<group>";
		};
		054B76942CECAA7C00ADFE6B /* RegexInjection */ = {
			isa = PBXGroup;
			children = (
				054B76922CECAA7C00ADFE6B /* RegexInjectionViewController.swift */,
				054B76932CECAA7C00ADFE6B /* RegexInjectionViewController.xib */,
			);
			path = RegexInjection;
			sourceTree = "<group>";
		};
		054B76952CECAA7C00ADFE6B /* Pages */ = {
			isa = PBXGroup;
			children = (
				054B76912CECAA7C00ADFE6B /* InefficientRegex */,
				054B76942CECAA7C00ADFE6B /* RegexInjection */,
				057E005A2CEDFED8002F2F12 /* UnsafeUIWebView */,
			);
			path = Pages;
			sourceTree = "<group>";
		};
		057E005A2CEDFED8002F2F12 /* UnsafeUIWebView */ = {
			isa = PBXGroup;
			children = (
				057E005B2CEDFEFC002F2F12 /* UnsafeUIWebViewController.swift */,
				057E005C2CEDFEFC002F2F12 /* UnsafeUIWebViewController.xib */,
			);
			path = UnsafeUIWebView;
			sourceTree = "<group>";
		};
/* End PBXGroup section */

/* Begin PBXNativeTarget section */
		054B76772CECA8DC00ADFE6B /* TryCodeSecurity */ = {
			isa = PBXNativeTarget;
			buildConfigurationList = 054B768C2CECA8DD00ADFE6B /* Build configuration list for PBXNativeTarget "TryCodeSecurity" */;
			buildPhases = (
				054B76742CECA8DC00ADFE6B /* Sources */,
				054B76752CECA8DC00ADFE6B /* Frameworks */,
				054B76762CECA8DC00ADFE6B /* Resources */,
			);
			buildRules = (
			);
			dependencies = (
			);
			name = TryCodeSecurity;
			productName = TryCodeSecurity;
			productReference = 054B76782CECA8DC00ADFE6B /* TryCodeSecurity.app */;
			productType = "com.apple.product-type.application";
		};
/* End PBXNativeTarget section */

/* Begin PBXProject section */
		054B76702CECA8DC00ADFE6B /* Project object */ = {
			isa = PBXProject;
			attributes = {
				BuildIndependentTargetsInParallel = 1;
				LastSwiftUpdateCheck = 1540;
				LastUpgradeCheck = 1540;
				TargetAttributes = {
					054B76772CECA8DC00ADFE6B = {
						CreatedOnToolsVersion = 15.4;
					};
				};
			};
			buildConfigurationList = 054B76732CECA8DC00ADFE6B /* Build configuration list for PBXProject "TryCodeSecurity" */;
			compatibilityVersion = "Xcode 14.0";
			developmentRegion = en;
			hasScannedForEncodings = 0;
			knownRegions = (
				en,
				Base,
			);
			mainGroup = 054B766F2CECA8DC00ADFE6B;
			productRefGroup = 054B76792CECA8DC00ADFE6B /* Products */;
			projectDirPath = "";
			projectRoot = "";
			targets = (
				054B76772CECA8DC00ADFE6B /* TryCodeSecurity */,
			);
		};
/* End PBXProject section */

/* Begin PBXResourcesBuildPhase section */
		054B76762CECA8DC00ADFE6B /* Resources */ = {
			isa = PBXResourcesBuildPhase;
			buildActionMask = 2147483647;
			files = (
				054B76852CECA8DD00ADFE6B /* Assets.xcassets in Resources */,
				054B76972CECAA7C00ADFE6B /* InefficientRegexViewController.xib in Resources */,
				054B76882CECA8DD00ADFE6B /* Base in Resources */,
				054B76992CECAA7C00ADFE6B /* RegexInjectionViewController.xib in Resources */,
				054B76832CECA8DC00ADFE6B /* Base in Resources */,
				057E005E2CEDFEFC002F2F12 /* UnsafeUIWebViewController.xib in Resources */,
			);
			runOnlyForDeploymentPostprocessing = 0;
		};
/* End PBXResourcesBuildPhase section */

/* Begin PBXSourcesBuildPhase section */
		054B76742CECA8DC00ADFE6B /* Sources */ = {
			isa = PBXSourcesBuildPhase;
			buildActionMask = 2147483647;
			files = (
				054B76802CECA8DC00ADFE6B /* ViewController.swift in Sources */,
				057E005D2CEDFEFC002F2F12 /* UnsafeUIWebViewController.swift in Sources */,
				054B76982CECAA7C00ADFE6B /* RegexInjectionViewController.swift in Sources */,
				054B76962CECAA7C00ADFE6B /* InefficientRegexViewController.swift in Sources */,
				054B767C2CECA8DC00ADFE6B /* AppDelegate.swift in Sources */,
				054B767E2CECA8DC00ADFE6B /* SceneDelegate.swift in Sources */,
			);
			runOnlyForDeploymentPostprocessing = 0;
		};
/* End PBXSourcesBuildPhase section */

/* Begin PBXVariantGroup section */
		054B76812CECA8DC00ADFE6B /* Main.storyboard */ = {
			isa = PBXVariantGroup;
			children = (
				054B76822CECA8DC00ADFE6B /* Base */,
			);
			name = Main.storyboard;
			sourceTree = "<group>";
		};
		054B76862CECA8DD00ADFE6B /* LaunchScreen.storyboard */ = {
			isa = PBXVariantGroup;
			children = (
				054B76872CECA8DD00ADFE6B /* Base */,
			);
			name = LaunchScreen.storyboard;
			sourceTree = "<group>";
		};
/* End PBXVariantGroup section */

/* Begin XCBuildConfiguration section */
		054B768A2CECA8DD00ADFE6B /* Debug */ = {
			isa = XCBuildConfiguration;
			buildSettings = {
				ALWAYS_SEARCH_USER_PATHS = NO;
				ASSETCATALOG_COMPILER_GENERATE_SWIFT_ASSET_SYMBOL_EXTENSIONS = YES;
				CLANG_ANALYZER_NONNULL = YES;
				CLANG_ANALYZER_NUMBER_OBJECT_CONVERSION = YES_AGGRESSIVE;
				CLANG_CXX_LANGUAGE_STANDARD = "gnu++20";
				CLANG_ENABLE_MODULES = YES;
				CLANG_ENABLE_OBJC_ARC = YES;
				CLANG_ENABLE_OBJC_WEAK = YES;
				CLANG_WARN_BLOCK_CAPTURE_AUTORELEASING = YES;
				CLANG_WARN_BOOL_CONVERSION = YES;
				CLANG_WARN_COMMA = YES;
				CLANG_WARN_CONSTANT_CONVERSION = YES;
				CLANG_WARN_DEPRECATED_OBJC_IMPLEMENTATIONS = YES;
				CLANG_WARN_DIRECT_OBJC_ISA_USAGE = YES_ERROR;
				CLANG_WARN_DOCUMENTATION_COMMENTS = YES;
				CLANG_WARN_EMPTY_BODY = YES;
				CLANG_WARN_ENUM_CONVERSION = YES;
				CLANG_WARN_INFINITE_RECURSION = YES;
				CLANG_WARN_INT_CONVERSION = YES;
				CLANG_WARN_NON_LITERAL_NULL_CONVERSION = YES;
				CLANG_WARN_OBJC_IMPLICIT_RETAIN_SELF = YES;
				CLANG_WARN_OBJC_LITERAL_CONVERSION = YES;
				CLANG_WARN_OBJC_ROOT_CLASS = YES_ERROR;
				CLANG_WARN_QUOTED_INCLUDE_IN_FRAMEWORK_HEADER = YES;
				CLANG_WARN_RANGE_LOOP_ANALYSIS = YES;
				CLANG_WARN_STRICT_PROTOTYPES = YES;
				CLANG_WARN_SUSPICIOUS_MOVE = YES;
				CLANG_WARN_UNGUARDED_AVAILABILITY = YES_AGGRESSIVE;
				CLANG_WARN_UNREACHABLE_CODE = YES;
				CLANG_WARN__DUPLICATE_METHOD_MATCH = YES;
				COPY_PHASE_STRIP = NO;
				DEBUG_INFORMATION_FORMAT = dwarf;
				ENABLE_STRICT_OBJC_MSGSEND = YES;
				ENABLE_TESTABILITY = YES;
				ENABLE_USER_SCRIPT_SANDBOXING = YES;
				GCC_C_LANGUAGE_STANDARD = gnu17;
				GCC_DYNAMIC_NO_PIC = NO;
				GCC_NO_COMMON_BLOCKS = YES;
				GCC_OPTIMIZATION_LEVEL = 0;
				GCC_PREPROCESSOR_DEFINITIONS = (
					"DEBUG=1",
					"$(inherited)",
				);
				GCC_WARN_64_TO_32_BIT_CONVERSION = YES;
				GCC_WARN_ABOUT_RETURN_TYPE = YES_ERROR;
				GCC_WARN_UNDECLARED_SELECTOR = YES;
				GCC_WARN_UNINITIALIZED_AUTOS = YES_AGGRESSIVE;
				GCC_WARN_UNUSED_FUNCTION = YES;
				GCC_WARN_UNUSED_VARIABLE = YES;
				IPHONEOS_DEPLOYMENT_TARGET = 17.5;
				LOCALIZATION_PREFERS_STRING_CATALOGS = YES;
				MTL_ENABLE_DEBUG_INFO = INCLUDE_SOURCE;
				MTL_FAST_MATH = YES;
				ONLY_ACTIVE_ARCH = YES;
				SDKROOT = iphoneos;
				SWIFT_ACTIVE_COMPILATION_CONDITIONS = "DEBUG $(inherited)";
				SWIFT_OPTIMIZATION_LEVEL = "-Onone";
			};
			name = Debug;
		};
		054B768B2CECA8DD00ADFE6B /* Release */ = {
			isa = XCBuildConfiguration;
			buildSettings = {
				ALWAYS_SEARCH_USER_PATHS = NO;
				ASSETCATALOG_COMPILER_GENERATE_SWIFT_ASSET_SYMBOL_EXTENSIONS = YES;
				CLANG_ANALYZER_NONNULL = YES;
				CLANG_ANALYZER_NUMBER_OBJECT_CONVERSION = YES_AGGRESSIVE;
				CLANG_CXX_LANGUAGE_STANDARD = "gnu++20";
				CLANG_ENABLE_MODULES = YES;
				CLANG_ENABLE_OBJC_ARC = YES;
				CLANG_ENABLE_OBJC_WEAK = YES;
				CLANG_WARN_BLOCK_CAPTURE_AUTORELEASING = YES;
				CLANG_WARN_BOOL_CONVERSION = YES;
				CLANG_WARN_COMMA = YES;
				CLANG_WARN_CONSTANT_CONVERSION = YES;
				CLANG_WARN_DEPRECATED_OBJC_IMPLEMENTATIONS = YES;
				CLANG_WARN_DIRECT_OBJC_ISA_USAGE = YES_ERROR;
				CLANG_WARN_DOCUMENTATION_COMMENTS = YES;
				CLANG_WARN_EMPTY_BODY = YES;
				CLANG_WARN_ENUM_CONVERSION = YES;
				CLANG_WARN_INFINITE_RECURSION = YES;
				CLANG_WARN_INT_CONVERSION = YES;
				CLANG_WARN_NON_LITERAL_NULL_CONVERSION = YES;
				CLANG_WARN_OBJC_IMPLICIT_RETAIN_SELF = YES;
				CLANG_WARN_OBJC_LITERAL_CONVERSION = YES;
				CLANG_WARN_OBJC_ROOT_CLASS = YES_ERROR;
				CLANG_WARN_QUOTED_INCLUDE_IN_FRAMEWORK_HEADER = YES;
				CLANG_WARN_RANGE_LOOP_ANALYSIS = YES;
				CLANG_WARN_STRICT_PROTOTYPES = YES;
				CLANG_WARN_SUSPICIOUS_MOVE = YES;
				CLANG_WARN_UNGUARDED_AVAILABILITY = YES_AGGRESSIVE;
				CLANG_WARN_UNREACHABLE_CODE = YES;
				CLANG_WARN__DUPLICATE_METHOD_MATCH = YES;
				COPY_PHASE_STRIP = NO;
				DEBUG_INFORMATION_FORMAT = "dwarf-with-dsym";
				ENABLE_NS_ASSERTIONS = NO;
				ENABLE_STRICT_OBJC_MSGSEND = YES;
				ENABLE_USER_SCRIPT_SANDBOXING = YES;
				GCC_C_LANGUAGE_STANDARD = gnu17;
				GCC_NO_COMMON_BLOCKS = YES;
				GCC_WARN_64_TO_32_BIT_CONVERSION = YES;
				GCC_WARN_ABOUT_RETURN_TYPE = YES_ERROR;
				GCC_WARN_UNDECLARED_SELECTOR = YES;
				GCC_WARN_UNINITIALIZED_AUTOS = YES_AGGRESSIVE;
				GCC_WARN_UNUSED_FUNCTION = YES;
				GCC_WARN_UNUSED_VARIABLE = YES;
				IPHONEOS_DEPLOYMENT_TARGET = 17.5;
				LOCALIZATION_PREFERS_STRING_CATALOGS = YES;
				MTL_ENABLE_DEBUG_INFO = NO;
				MTL_FAST_MATH = YES;
				SDKROOT = iphoneos;
				SWIFT_COMPILATION_MODE = wholemodule;
				VALIDATE_PRODUCT = YES;
			};
			name = Release;
		};
		054B768D2CECA8DD00ADFE6B /* Debug */ = {
			isa = XCBuildConfiguration;
			buildSettings = {
				ASSETCATALOG_COMPILER_APPICON_NAME = AppIcon;
				ASSETCATALOG_COMPILER_GLOBAL_ACCENT_COLOR_NAME = AccentColor;
				CODE_SIGN_STYLE = Automatic;
				CURRENT_PROJECT_VERSION = 1;
				GENERATE_INFOPLIST_FILE = YES;
				INFOPLIST_FILE = TryCodeSecurity/Info.plist;
				INFOPLIST_KEY_UIApplicationSupportsIndirectInputEvents = YES;
				INFOPLIST_KEY_UILaunchStoryboardName = LaunchScreen;
				INFOPLIST_KEY_UIMainStoryboardFile = Main;
				INFOPLIST_KEY_UISupportedInterfaceOrientations_iPad = "UIInterfaceOrientationPortrait UIInterfaceOrientationPortraitUpsideDown UIInterfaceOrientationLandscapeLeft UIInterfaceOrientationLandscapeRight";
				INFOPLIST_KEY_UISupportedInterfaceOrientations_iPhone = "UIInterfaceOrientationPortrait UIInterfaceOrientationLandscapeLeft UIInterfaceOrientationLandscapeRight";
				LD_RUNPATH_SEARCH_PATHS = (
					"$(inherited)",
					"@executable_path/Frameworks",
				);
				MARKETING_VERSION = 1.0;
				PRODUCT_BUNDLE_IDENTIFIER = io.github.tshion.TryCodeSecurity;
				PRODUCT_NAME = "$(TARGET_NAME)";
				SWIFT_EMIT_LOC_STRINGS = YES;
				SWIFT_VERSION = 5.0;
				TARGETED_DEVICE_FAMILY = "1,2";
			};
			name = Debug;
		};
		054B768E2CECA8DD00ADFE6B /* Release */ = {
			isa = XCBuildConfiguration;
			buildSettings = {
				ASSETCATALOG_COMPILER_APPICON_NAME = AppIcon;
				ASSETCATALOG_COMPILER_GLOBAL_ACCENT_COLOR_NAME = AccentColor;
				CODE_SIGN_STYLE = Automatic;
				CURRENT_PROJECT_VERSION = 1;
				GENERATE_INFOPLIST_FILE = YES;
				INFOPLIST_FILE = TryCodeSecurity/Info.plist;
				INFOPLIST_KEY_UIApplicationSupportsIndirectInputEvents = YES;
				INFOPLIST_KEY_UILaunchStoryboardName = LaunchScreen;
				INFOPLIST_KEY_UIMainStoryboardFile = Main;
				INFOPLIST_KEY_UISupportedInterfaceOrientations_iPad = "UIInterfaceOrientationPortrait UIInterfaceOrientationPortraitUpsideDown UIInterfaceOrientationLandscapeLeft UIInterfaceOrientationLandscapeRight";
				INFOPLIST_KEY_UISupportedInterfaceOrientations_iPhone = "UIInterfaceOrientationPortrait UIInterfaceOrientationLandscapeLeft UIInterfaceOrientationLandscapeRight";
				LD_RUNPATH_SEARCH_PATHS = (
					"$(inherited)",
					"@executable_path/Frameworks",
				);
				MARKETING_VERSION = 1.0;
				PRODUCT_BUNDLE_IDENTIFIER = io.github.tshion.TryCodeSecurity;
				PRODUCT_NAME = "$(TARGET_NAME)";
				SWIFT_EMIT_LOC_STRINGS = YES;
				SWIFT_VERSION = 5.0;
				TARGETED_DEVICE_FAMILY = "1,2";
			};
			name = Release;
		};
/* End XCBuildConfiguration section */

/* Begin XCConfigurationList section */
		054B76732CECA8DC00ADFE6B /* Build configuration list for PBXProject "TryCodeSecurity" */ = {
			isa = XCConfigurationList;
			buildConfigurations = (
				054B768A2CECA8DD00ADFE6B /* Debug */,
				054B768B2CECA8DD00ADFE6B /* Release */,
			);
			defaultConfigurationIsVisible = 0;
			defaultConfigurationName = Release;
		};
		054B768C2CECA8DD00ADFE6B /* Build configuration list for PBXNativeTarget "TryCodeSecurity" */ = {
			isa = XCConfigurationList;
			buildConfigurations = (
				054B768D2CECA8DD00ADFE6B /* Debug */,
				054B768E2CECA8DD00ADFE6B /* Release */,
			);
			defaultConfigurationIsVisible = 0;
			defaultConfigurationName = Release;
		};
/* End XCConfigurationList section */
	};
	rootObject = 054B76702CECA8DC00ADFE6B /* Project object */;
}
